# This file is automatically @generated by Cargo.
# It is not intended for manual editing.
version = 4

[[package]]
name = "crossbeam-channel"
version = "0.5.17"
source = "registry+https://github.com/rust-lang/crates.io-index"
checksum = "98b0cc327b5bc766e7fda9c9260cc0fa81b43a8e240440422dff70788e3f9ef1"
dependencies = [
 "crossbeam-utils",
]

[[package]]
name = "crossbeam-utils"
version = "0.8.23"
source = "registry+https://github.com/rust-lang/crates.io-index"
checksum = "a31eee39dddec8330830986fcd7625edb5a24ec90ea038215273bbc3adb08ac6"

[[package]]
name = "nes_reference_adapter"
version = "0.1.0"
dependencies = [
 "reference-query-manager",
]

[[package]]
name = "reference-engine"
version = "0.1.0"
dependencies = [
 "crossbeam-channel",
 "reference-engine-traits",
]

[[package]]
name = "reference-engine-traits"
version = "0.1.0"

[[package]]
name = "reference-query-manager"
version = "0.1.0"
dependencies = [
 "crossbeam-channel",
 "reference-engine",
 "reference-engine-traits",
]
